{
  "version": 4,
  "terraform_version": "1.3.9",
  "serial": 17,
  "lineage": "5cedd6ea-21c1-3986-8b88-6b11a6845beb",
  "outputs": {},
  "resources": [
    {
      "mode": "managed",
      "type": "google_cloudfunctions_function",
      "name": "fun_from_tff",
      "provider": "provider[\"registry.terraform.io/hashicorp/google\"]",
      "instances": [
        {
          "schema_version": 0,
          "attributes": {
            "available_memory_mb": 256,
            "build_environment_variables": null,
            "build_worker_pool": "",
            "description": "This is my first function from terraform script",
            "docker_registry": "CONTAINER_REGISTRY",
            "docker_repository": "",
            "entry_point": "hello_world",
            "environment_variables": null,
            "event_trigger": [],
            "https_trigger_security_level": "SECURE_OPTIONAL",
            "https_trigger_url": "https://us-central1-aaron2024.cloudfunctions.net/function-1",
            "id": "projects/aaron2024/locations/us-central1/functions/function-1",
            "ingress_settings": "ALLOW_ALL",
            "kms_key_name": "",
            "labels": null,
            "max_instances": 0,
            "min_instances": 0,
            "name": "function-1",
            "project": "aaron2024",
            "region": "us-central1",
            "runtime": "python39",
            "secret_environment_variables": [],
            "secret_volumes": [],
            "service_account_email": "aaron2024@appspot.gserviceaccount.com",
            "source_archive_bucket": "fun_bucket_tf322023",
            "source_archive_object": "function-1",
            "source_repository": [],
            "timeout": 60,
            "timeouts": null,
            "trigger_http": true,
            "vpc_connector": "",
            "vpc_connector_egress_settings": ""
          },
          "sensitive_attributes": [],
          "private": "eyJlMmJmYjczMC1lY2FhLTExZTYtOGY4OC0zNDM2M2JjN2M0YzAiOnsiY3JlYXRlIjozMDAwMDAwMDAwMDAsImRlbGV0ZSI6MzAwMDAwMDAwMDAwLCJyZWFkIjozMDAwMDAwMDAwMDAsInVwZGF0ZSI6MzAwMDAwMDAwMDAwfX0=",
          "dependencies": [
            "google_storage_bucket.terf_bucket_tff",
            "google_storage_bucket_object.source_code"
          ]
        }
      ]
    },
    {
      "mode": "managed",
      "type": "google_cloudfunctions_function_iam_member",
      "name": "allow_access_tff",
      "provider": "provider[\"registry.terraform.io/hashicorp/google\"]",
      "instances": [
        {
          "schema_version": 0,
          "attributes": {
            "cloud_function": "projects/aaron2024/locations/us-central1/functions/function-1",
            "condition": [],
            "etag": "BwX17RD4p14=",
            "id": "projects/aaron2024/locations/us-central1/functions/function-1/roles/cloudfunctions.invoker/allUsers",
            "member": "allUsers",
            "project": "aaron2024",
            "region": "us-central1",
            "role": "roles/cloudfunctions.invoker"
          },
          "sensitive_attributes": [],
          "private": "bnVsbA==",
          "dependencies": [
            "google_cloudfunctions_function.fun_from_tff",
            "google_storage_bucket.terf_bucket_tff",
            "google_storage_bucket_object.source_code"
          ]
        }
      ]
    },
    {
      "mode": "managed",
      "type": "google_storage_bucket",
      "name": "terf_bucket_tff",
      "provider": "provider[\"registry.terraform.io/hashicorp/google\"]",
      "instances": [
        {
          "schema_version": 0,
          "attributes": {
            "autoclass": [],
            "cors": [],
            "custom_placement_config": [],
            "default_event_based_hold": false,
            "encryption": [],
            "force_destroy": false,
            "id": "fun_bucket_tf322023",
            "labels": {},
            "lifecycle_rule": [],
            "location": "US-CENTRAL1",
            "logging": [],
            "name": "fun_bucket_tf322023",
            "project": "aaron2024",
            "public_access_prevention": "inherited",
            "requester_pays": false,
            "retention_policy": [],
            "self_link": "https://www.googleapis.com/storage/v1/b/fun_bucket_tf322023",
            "storage_class": "STANDARD",
            "timeouts": null,
            "uniform_bucket_level_access": false,
            "url": "gs://fun_bucket_tf322023",
            "versioning": [],
            "website": []
          },
          "sensitive_attributes": [],
          "private": "eyJlMmJmYjczMC1lY2FhLTExZTYtOGY4OC0zNDM2M2JjN2M0YzAiOnsiY3JlYXRlIjo2MDAwMDAwMDAwMDAsInJlYWQiOjI0MDAwMDAwMDAwMCwidXBkYXRlIjoyNDAwMDAwMDAwMDB9fQ=="
        }
      ]
    },
    {
      "mode": "managed",
      "type": "google_storage_bucket_object",
      "name": "source_code",
      "provider": "provider[\"registry.terraform.io/hashicorp/google\"]",
      "instances": [
        {
          "schema_version": 0,
          "attributes": {
            "bucket": "fun_bucket_tf322023",
            "cache_control": "",
            "content": null,
            "content_disposition": "",
            "content_encoding": "",
            "content_language": "",
            "content_type": "application/zip",
            "crc32c": "k7JxVw==",
            "customer_encryption": [],
            "detect_md5hash": "8L8OQRc2MNTlwY1X895dOA==",
            "event_based_hold": false,
            "id": "fun_bucket_tf322023-function-1",
            "kms_key_name": "",
            "md5hash": "8L8OQRc2MNTlwY1X895dOA==",
            "media_link": "https://storage.googleapis.com/download/storage/v1/b/fun_bucket_tf322023/o/function-1?generation=1677773318629672\u0026alt=media",
            "metadata": null,
            "name": "function-1",
            "output_name": "function-1",
            "self_link": "https://www.googleapis.com/storage/v1/b/fun_bucket_tf322023/o/function-1",
            "source": "function-1.zip",
            "storage_class": "STANDARD",
            "temporary_hold": false,
            "timeouts": null
          },
          "sensitive_attributes": [],
          "private": "eyJlMmJmYjczMC1lY2FhLTExZTYtOGY4OC0zNDM2M2JjN2M0YzAiOnsiY3JlYXRlIjoyNDAwMDAwMDAwMDAsImRlbGV0ZSI6MjQwMDAwMDAwMDAwLCJ1cGRhdGUiOjI0MDAwMDAwMDAwMH19",
          "dependencies": [
            "google_storage_bucket.terf_bucket_tff"
          ]
        }
      ]
    }
  ],
  "check_results": null
}
